# THIS IS AN AUTOGENERATED FILE. DO NOT EDIT THIS FILE DIRECTLY.
# yarn lockfile v1


"@ledgerhq/devices@^5.7.0":
  version "5.7.0"
  resolved "https://registry.yarnpkg.com/@ledgerhq/devices/-/devices-5.7.0.tgz#f671f13ce73ad07160ad22d0323705129d3bf35a"
  integrity sha512-bEASH3tk36ozr2kM7YjMcxy3Ja6mCaHU+30SxTaxOulRj3TAVl8EyF3RQZqZ88e1qntV3JnGQaEPgW5MomWLWg==
  dependencies:
    "@ledgerhq/errors" "^5.7.0"
    "@ledgerhq/logs" "^5.6.0"
    rxjs "^6.5.4"

"@ledgerhq/errors@^5.7.0":
  version "5.7.0"
  resolved "https://registry.yarnpkg.com/@ledgerhq/errors/-/errors-5.7.0.tgz#2bff5ae2e178e69c64002d47c0f0f0c9c502a9b0"
  integrity sha512-a6j49Seh2x7ho2WXpR9xO7Z/wZfwP48jGJIQ5ZdAR8g/Uz3Sb1+FsVoQY7YPmZOLhPvQ5EeIj+cL+7CaK0fOtA==

"@ledgerhq/hw-transport@^5.7.0":
  version "5.7.0"
  resolved "https://registry.yarnpkg.com/@ledgerhq/hw-transport/-/hw-transport-5.7.0.tgz#6da4f1511551a27071155aeed813c1b03200ff96"
  integrity sha512-F1Kr61iByP2I3gcE88SbfymRF2dQ6fECvS4nQCBSz3mSMsoeHxXK+EhuuzXrYhTzqGkl+kD5yitBw7KRHV1AiA==
  dependencies:
    "@ledgerhq/devices" "^5.7.0"
    "@ledgerhq/errors" "^5.7.0"
    events "^3.1.0"

"@ledgerhq/logs@^5.6.0":
  version "5.6.0"
  resolved "https://registry.yarnpkg.com/@ledgerhq/logs/-/logs-5.6.0.tgz#04277b3c90bee43bb2bd8a5489c5a8aac022687b"
  integrity sha512-pzJ8tQCTqMFaEFmfBcHuqA97gkxLgGb6ztysUCnWsBlG3dczQ0dbz4BRZswDkBkLIh0j8RzM4Ez2uRedxZCJ4w==

"@types/node@^13.5.0":
  version "13.5.0"
  resolved "https://registry.yarnpkg.com/@types/node/-/node-13.5.0.tgz#4e498dbf355795a611a87ae5ef811a8660d42662"
  integrity sha512-Onhn+z72D2O2Pb2ql2xukJ55rglumsVo1H6Fmyi8mlU9SvKdBk/pUSUAiBY/d9bAOF7VVWajX3sths/+g6ZiAQ==

events@^3.1.0:
  version "3.1.0"
  resolved "https://registry.yarnpkg.com/events/-/events-3.1.0.tgz#84279af1b34cb75aa88bf5ff291f6d0bd9b31a59"
  integrity sha512-Rv+u8MLHNOdMjTAFeT3nCjHn2aGlx435FP/sDHNaRhDEMwyI/aB22Kj2qIN8R0cw3z28psEQLYwxVKLsKrMgWg==

rxjs@^6.5.4:
  version "6.5.4"
  resolved "https://registry.yarnpkg.com/rxjs/-/rxjs-6.5.4.tgz#e0777fe0d184cec7872df147f303572d414e211c"
  integrity sha512-naMQXcgEo3csAEGvw/NydRA0fuS2nDZJiw1YUWFKU7aPPAPGZEsD4Iimit96qwCieH6y614MCLYwdkrWx7z/7Q==
  dependencies:
    tslib "^1.9.0"

tslib@^1.9.0:
  version "1.10.0"
  resolved "https://registry.yarnpkg.com/tslib/-/tslib-1.10.0.tgz#c3c19f95973fb0a62973fb09d90d961ee43e5c8a"
  integrity sha512-qOebF53frne81cf0S9B41ByenJ3/IuH8yJKngAX35CmiZySA0khhkovshKK+jGCaMnVomla7gVlIcc3EvKPbTQ==

typescript@^3.7.5:
  version "3.7.5"
  resolved "https://registry.yarnpkg.com/typescript/-/typescript-3.7.5.tgz#0692e21f65fd4108b9330238aac11dd2e177a1ae"
  integrity sha512-/P5lkRXkWHNAbcJIiHPfRoKqyd7bsyCma1hZNUGfn20qm64T6ZBlrzprymeu918H+mB/0rIg2gGK/BXkhhYgBw==
